// !$*UTF8*$!
{
	archiveVersion = 1;
	classes = {
	};
	objectVersion = 77;
	objects = {

/* Begin PBXBuildFile section */
		AB2426E22E4A8B9D004A7AC0 /* Assets.xcassets in Resources */ = {isa = PBXBuildFile; fileRef = AB2426DD2E4A8B9D004A7AC0 /* Assets.xcassets */; };
		AB2426E42E4A8B9D004A7AC0 /* ParallelPowder.swift in Sources */ = {isa = PBXBuildFile; fileRef = AB2426E02E4A8B9D004A7AC0 /* ParallelPowder.swift */; };
		AB46BB252E4A8ECD00D391C3 /* tick.metal in Sources */ = {isa = PBXBuildFile; fileRef = AB46BB242E4A8ECD00D391C3 /* tick.metal */; };
		AB46BB272E4A963D00D391C3 /* Renderer.swift in Sources */ = {isa = PBXBuildFile; fileRef = AB46BB262E4A963D00D391C3 /* Renderer.swift */; };
		AB46BB2F2E4A9DB000D391C3 /* MetalMapView.swift in Sources */ = {isa = PBXBuildFile; fileRef = AB46BB2E2E4A9DB000D391C3 /* MetalMapView.swift */; };
		AB6BF5342E4E8B08005D2464 /* render texture.metal in Sources */ = {isa = PBXBuildFile; fileRef = AB6BF5332E4E8B08005D2464 /* render texture.metal */; };
		AB6BF5402E4EE7AA005D2464 /* goalForCellAt.metal in Sources */ = {isa = PBXBuildFile; fileRef = AB6BF53F2E4EE7AA005D2464 /* goalForCellAt.metal */; };
		AB9C78AB2E4E803D008C90FD /* Position.metal in Sources */ = {isa = PBXBuildFile; fileRef = AB9C78AA2E4E803D008C90FD /* Position.metal */; };
		AB9C78AF2E4E83DA008C90FD /* RNG.metal in Sources */ = {isa = PBXBuildFile; fileRef = AB9C78AE2E4E83DA008C90FD /* RNG.metal */; };
		AB9C78B12E4E84CF008C90FD /* Goal.metal in Sources */ = {isa = PBXBuildFile; fileRef = AB9C78B02E4E84CF008C90FD /* Goal.metal */; };
		AB9C78B32E4E84D4008C90FD /* Board.metal in Sources */ = {isa = PBXBuildFile; fileRef = AB9C78B22E4E84D4008C90FD /* Board.metal */; };
/* End PBXBuildFile section */

/* Begin PBXFileReference section */
		AB2426CE2E4A8B95004A7AC0 /* ParallelPowder.app */ = {isa = PBXFileReference; explicitFileType = wrapper.application; includeInIndex = 0; path = ParallelPowder.app; sourceTree = BUILT_PRODUCTS_DIR; };
		AB2426DD2E4A8B9D004A7AC0 /* Assets.xcassets */ = {isa = PBXFileReference; lastKnownFileType = folder.assetcatalog; path = Assets.xcassets; sourceTree = "<group>"; };
		AB2426DF2E4A8B9D004A7AC0 /* ParallelPowder.entitlements */ = {isa = PBXFileReference; lastKnownFileType = text.plist.entitlements; path = ParallelPowder.entitlements; sourceTree = "<group>"; };
		AB2426E02E4A8B9D004A7AC0 /* ParallelPowder.swift */ = {isa = PBXFileReference; lastKnownFileType = sourcecode.swift; path = ParallelPowder.swift; sourceTree = "<group>"; };
		AB46BB242E4A8ECD00D391C3 /* tick.metal */ = {isa = PBXFileReference; lastKnownFileType = sourcecode.metal; path = tick.metal; sourceTree = "<group>"; };
		AB46BB262E4A963D00D391C3 /* Renderer.swift */ = {isa = PBXFileReference; lastKnownFileType = sourcecode.swift; path = Renderer.swift; sourceTree = "<group>"; };
		AB46BB2E2E4A9DB000D391C3 /* MetalMapView.swift */ = {isa = PBXFileReference; lastKnownFileType = sourcecode.swift; path = MetalMapView.swift; sourceTree = "<group>"; };
		AB6BF5302E4E8646005D2464 /* Board.hpp */ = {isa = PBXFileReference; lastKnownFileType = sourcecode.cpp.h; path = Board.hpp; sourceTree = "<group>"; };
		AB6BF5312E4E8957005D2464 /* Uniforms.hpp */ = {isa = PBXFileReference; lastKnownFileType = sourcecode.cpp.h; path = Uniforms.hpp; sourceTree = "<group>"; };
		AB6BF5322E4E895C005D2464 /* Pixel.hpp */ = {isa = PBXFileReference; lastKnownFileType = sourcecode.cpp.h; path = Pixel.hpp; sourceTree = "<group>"; };
		AB6BF5332E4E8B08005D2464 /* render texture.metal */ = {isa = PBXFileReference; lastKnownFileType = sourcecode.metal; path = "render texture.metal"; sourceTree = "<group>"; };
		AB6BF53F2E4EE7AA005D2464 /* goalForCellAt.metal */ = {isa = PBXFileReference; lastKnownFileType = sourcecode.metal; path = goalForCellAt.metal; sourceTree = "<group>"; };
		AB9C78AA2E4E803D008C90FD /* Position.metal */ = {isa = PBXFileReference; lastKnownFileType = sourcecode.metal; path = Position.metal; sourceTree = "<group>"; };
		AB9C78AC2E4E806A008C90FD /* Position.hpp */ = {isa = PBXFileReference; lastKnownFileType = sourcecode.cpp.h; path = Position.hpp; sourceTree = "<group>"; };
		AB9C78AD2E4E83D1008C90FD /* RNG.hpp */ = {isa = PBXFileReference; lastKnownFileType = sourcecode.cpp.h; path = RNG.hpp; sourceTree = "<group>"; };
		AB9C78AE2E4E83DA008C90FD /* RNG.metal */ = {isa = PBXFileReference; lastKnownFileType = sourcecode.metal; path = RNG.metal; sourceTree = "<group>"; };
		AB9C78B02E4E84CF008C90FD /* Goal.metal */ = {isa = PBXFileReference; lastKnownFileType = sourcecode.metal; path = Goal.metal; sourceTree = "<group>"; };
		AB9C78B22E4E84D4008C90FD /* Board.metal */ = {isa = PBXFileReference; lastKnownFileType = sourcecode.metal; path = Board.metal; sourceTree = "<group>"; };
		AB9C78B42E4E85AA008C90FD /* Goal.hpp */ = {isa = PBXFileReference; lastKnownFileType = sourcecode.cpp.h; path = Goal.hpp; sourceTree = "<group>"; };
		ABB538452E4AC1520021B6AD /* SharedTypes.hpp */ = {isa = PBXFileReference; lastKnownFileType = sourcecode.cpp.h; path = SharedTypes.hpp; sourceTree = "<group>"; };
/* End PBXFileReference section */

/* Begin PBXFrameworksBuildPhase section */
		AB2426CB2E4A8B95004A7AC0 /* Frameworks */ = {
			isa = PBXFrameworksBuildPhase;
			buildActionMask = 2147483647;
			files = (
			);
			runOnlyForDeploymentPostprocessing = 0;
		};
/* End PBXFrameworksBuildPhase section */

/* Begin PBXGroup section */
		AB2426C52E4A8B95004A7AC0 = {
			isa = PBXGroup;
			children = (
				AB2426DF2E4A8B9D004A7AC0 /* ParallelPowder.entitlements */,
				AB2426E12E4A8B9D004A7AC0 /* views */,
				AB46BB262E4A963D00D391C3 /* Renderer.swift */,
				ABB538452E4AC1520021B6AD /* SharedTypes.hpp */,
				AB6BF5312E4E8957005D2464 /* Uniforms.hpp */,
				AB6BF5322E4E895C005D2464 /* Pixel.hpp */,
				AB6BF5482E4EEB7A005D2464 /* shaders */,
				AB2426E52E4A8BA2004A7AC0 /* assets */,
				AB2426CF2E4A8B95004A7AC0 /* Products */,
			);
			sourceTree = "<group>";
		};
		AB2426CF2E4A8B95004A7AC0 /* Products */ = {
			isa = PBXGroup;
			children = (
				AB2426CE2E4A8B95004A7AC0 /* ParallelPowder.app */,
			);
			name = Products;
			sourceTree = "<group>";
		};
		AB2426E12E4A8B9D004A7AC0 /* views */ = {
			isa = PBXGroup;
			children = (
				AB2426E02E4A8B9D004A7AC0 /* ParallelPowder.swift */,
				AB46BB2E2E4A9DB000D391C3 /* MetalMapView.swift */,
			);
			path = views;
			sourceTree = "<group>";
		};
		AB2426E52E4A8BA2004A7AC0 /* assets */ = {
			isa = PBXGroup;
			children = (
				AB2426DD2E4A8B9D004A7AC0 /* Assets.xcassets */,
			);
			path = assets;
			sourceTree = "<group>";
		};
		AB6BF5482E4EEB7A005D2464 /* shaders */ = {
			isa = PBXGroup;
			children = (
				AB9C78AC2E4E806A008C90FD /* Position.hpp */,
				AB9C78AA2E4E803D008C90FD /* Position.metal */,
				AB9C78AD2E4E83D1008C90FD /* RNG.hpp */,
				AB9C78AE2E4E83DA008C90FD /* RNG.metal */,
				AB9C78B42E4E85AA008C90FD /* Goal.hpp */,
				AB9C78B02E4E84CF008C90FD /* Goal.metal */,
				AB6BF5302E4E8646005D2464 /* Board.hpp */,
				AB9C78B22E4E84D4008C90FD /* Board.metal */,
				AB6BF53F2E4EE7AA005D2464 /* goalForCellAt.metal */,
				AB46BB242E4A8ECD00D391C3 /* tick.metal */,
				AB6BF5332E4E8B08005D2464 /* render texture.metal */,
			);
			path = shaders;
			sourceTree = "<group>";
		};
/* End PBXGroup section */

/* Begin PBXNativeTarget section */
		AB2426CD2E4A8B95004A7AC0 /* ParallelPowder */ = {
			isa = PBXNativeTarget;
			buildConfigurationList = AB2426DA2E4A8B98004A7AC0 /* Build configuration list for PBXNativeTarget "ParallelPowder" */;
			buildPhases = (
				AB2426CA2E4A8B95004A7AC0 /* Sources */,
				AB2426CB2E4A8B95004A7AC0 /* Frameworks */,
				AB2426CC2E4A8B95004A7AC0 /* Resources */,
			);
			buildRules = (
			);
			dependencies = (
			);
			name = ParallelPowder;
			packageProductDependencies = (
			);
			productName = ParallelPowder;
			productReference = AB2426CE2E4A8B95004A7AC0 /* ParallelPowder.app */;
			productType = "com.apple.product-type.application";
		};
/* End PBXNativeTarget section */

/* Begin PBXProject section */
		AB2426C62E4A8B95004A7AC0 /* Project object */ = {
			isa = PBXProject;
			attributes = {
				BuildIndependentTargetsInParallel = 1;
				LastSwiftUpdateCheck = 1640;
				LastUpgradeCheck = 1640;
				TargetAttributes = {
					AB2426CD2E4A8B95004A7AC0 = {
						CreatedOnToolsVersion = 16.4;
					};
				};
			};
			buildConfigurationList = AB2426C92E4A8B95004A7AC0 /* Build configuration list for PBXProject "ParallelPowder" */;
			developmentRegion = en;
			hasScannedForEncodings = 0;
			knownRegions = (
				en,
				Base,
			);
			mainGroup = AB2426C52E4A8B95004A7AC0;
			minimizedProjectReferenceProxies = 1;
			preferredProjectObjectVersion = 77;
			productRefGroup = AB2426CF2E4A8B95004A7AC0 /* Products */;
			projectDirPath = "";
			projectRoot = "";
			targets = (
				AB2426CD2E4A8B95004A7AC0 /* ParallelPowder */,
			);
		};
/* End PBXProject section */

/* Begin PBXResourcesBuildPhase section */
		AB2426CC2E4A8B95004A7AC0 /* Resources */ = {
			isa = PBXResourcesBuildPhase;
			buildActionMask = 2147483647;
			files = (
				AB2426E22E4A8B9D004A7AC0 /* Assets.xcassets in Resources */,
			);
			runOnlyForDeploymentPostprocessing = 0;
		};
/* End PBXResourcesBuildPhase section */

/* Begin PBXSourcesBuildPhase section */
		AB2426CA2E4A8B95004A7AC0 /* Sources */ = {
			isa = PBXSourcesBuildPhase;
			buildActionMask = 2147483647;
			files = (
				AB6BF5342E4E8B08005D2464 /* render texture.metal in Sources */,
				AB46BB272E4A963D00D391C3 /* Renderer.swift in Sources */,
				AB9C78B12E4E84CF008C90FD /* Goal.metal in Sources */,
				AB46BB252E4A8ECD00D391C3 /* tick.metal in Sources */,
				AB46BB2F2E4A9DB000D391C3 /* MetalMapView.swift in Sources */,
				AB9C78B32E4E84D4008C90FD /* Board.metal in Sources */,
				AB9C78AB2E4E803D008C90FD /* Position.metal in Sources */,
				AB2426E42E4A8B9D004A7AC0 /* ParallelPowder.swift in Sources */,
				AB9C78AF2E4E83DA008C90FD /* RNG.metal in Sources */,
				AB6BF5402E4EE7AA005D2464 /* goalForCellAt.metal in Sources */,
			);
			runOnlyForDeploymentPostprocessing = 0;
		};
/* End PBXSourcesBuildPhase section */

/* Begin XCBuildConfiguration section */
		AB2426D82E4A8B98004A7AC0 /* Debug */ = {
			isa = XCBuildConfiguration;
			buildSettings = {
				ALWAYS_SEARCH_USER_PATHS = NO;
				ASSETCATALOG_COMPILER_GENERATE_SWIFT_ASSET_SYMBOL_EXTENSIONS = YES;
				CLANG_ANALYZER_NONNULL = YES;
				CLANG_ANALYZER_NUMBER_OBJECT_CONVERSION = YES_AGGRESSIVE;
				CLANG_CXX_LANGUAGE_STANDARD = "gnu++20";
				CLANG_ENABLE_MODULES = YES;
				CLANG_ENABLE_OBJC_ARC = YES;
				CLANG_ENABLE_OBJC_WEAK = YES;
				CLANG_WARN_BLOCK_CAPTURE_AUTORELEASING = YES;
				CLANG_WARN_BOOL_CONVERSION = YES;
				CLANG_WARN_COMMA = YES;
				CLANG_WARN_CONSTANT_CONVERSION = YES;
				CLANG_WARN_DEPRECATED_OBJC_IMPLEMENTATIONS = YES;
				CLANG_WARN_DIRECT_OBJC_ISA_USAGE = YES_ERROR;
				CLANG_WARN_DOCUMENTATION_COMMENTS = YES;
				CLANG_WARN_EMPTY_BODY = YES;
				CLANG_WARN_ENUM_CONVERSION = YES;
				CLANG_WARN_INFINITE_RECURSION = YES;
				CLANG_WARN_INT_CONVERSION = YES;
				CLANG_WARN_NON_LITERAL_NULL_CONVERSION = YES;
				CLANG_WARN_OBJC_IMPLICIT_RETAIN_SELF = YES;
				CLANG_WARN_OBJC_LITERAL_CONVERSION = YES;
				CLANG_WARN_OBJC_ROOT_CLASS = YES_ERROR;
				CLANG_WARN_QUOTED_INCLUDE_IN_FRAMEWORK_HEADER = YES;
				CLANG_WARN_RANGE_LOOP_ANALYSIS = YES;
				CLANG_WARN_STRICT_PROTOTYPES = YES;
				CLANG_WARN_SUSPICIOUS_MOVE = YES;
				CLANG_WARN_UNGUARDED_AVAILABILITY = YES_AGGRESSIVE;
				CLANG_WARN_UNREACHABLE_CODE = YES;
				CLANG_WARN__DUPLICATE_METHOD_MATCH = YES;
				COPY_PHASE_STRIP = NO;
				DEBUG_INFORMATION_FORMAT = dwarf;
				DEVELOPMENT_TEAM = 227FGD37B4;
				ENABLE_STRICT_OBJC_MSGSEND = YES;
				ENABLE_TESTABILITY = YES;
				ENABLE_USER_SCRIPT_SANDBOXING = YES;
				GCC_C_LANGUAGE_STANDARD = gnu17;
				GCC_DYNAMIC_NO_PIC = NO;
				GCC_NO_COMMON_BLOCKS = YES;
				GCC_OPTIMIZATION_LEVEL = 0;
				GCC_PREPROCESSOR_DEFINITIONS = (
					"DEBUG=1",
					"$(inherited)",
				);
				GCC_WARN_64_TO_32_BIT_CONVERSION = YES;
				GCC_WARN_ABOUT_RETURN_TYPE = YES_ERROR;
				GCC_WARN_UNDECLARED_SELECTOR = YES;
				GCC_WARN_UNINITIALIZED_AUTOS = YES_AGGRESSIVE;
				GCC_WARN_UNUSED_FUNCTION = YES;
				GCC_WARN_UNUSED_VARIABLE = YES;
				LOCALIZATION_PREFERS_STRING_CATALOGS = YES;
				MTL_ENABLE_DEBUG_INFO = INCLUDE_SOURCE;
				MTL_FAST_MATH = YES;
				ONLY_ACTIVE_ARCH = YES;
				SWIFT_ACTIVE_COMPILATION_CONDITIONS = "DEBUG $(inherited)";
				SWIFT_OPTIMIZATION_LEVEL = "-Onone";
			};
			name = Debug;
		};
		AB2426D92E4A8B98004A7AC0 /* Release */ = {
			isa = XCBuildConfiguration;
			buildSettings = {
				ALWAYS_SEARCH_USER_PATHS = NO;
				ASSETCATALOG_COMPILER_GENERATE_SWIFT_ASSET_SYMBOL_EXTENSIONS = YES;
				CLANG_ANALYZER_NONNULL = YES;
				CLANG_ANALYZER_NUMBER_OBJECT_CONVERSION = YES_AGGRESSIVE;
				CLANG_CXX_LANGUAGE_STANDARD = "gnu++20";
				CLANG_ENABLE_MODULES = YES;
				CLANG_ENABLE_OBJC_ARC = YES;
				CLANG_ENABLE_OBJC_WEAK = YES;
				CLANG_WARN_BLOCK_CAPTURE_AUTORELEASING = YES;
				CLANG_WARN_BOOL_CONVERSION = YES;
				CLANG_WARN_COMMA = YES;
				CLANG_WARN_CONSTANT_CONVERSION = YES;
				CLANG_WARN_DEPRECATED_OBJC_IMPLEMENTATIONS = YES;
				CLANG_WARN_DIRECT_OBJC_ISA_USAGE = YES_ERROR;
				CLANG_WARN_DOCUMENTATION_COMMENTS = YES;
				CLANG_WARN_EMPTY_BODY = YES;
				CLANG_WARN_ENUM_CONVERSION = YES;
				CLANG_WARN_INFINITE_RECURSION = YES;
				CLANG_WARN_INT_CONVERSION = YES;
				CLANG_WARN_NON_LITERAL_NULL_CONVERSION = YES;
				CLANG_WARN_OBJC_IMPLICIT_RETAIN_SELF = YES;
				CLANG_WARN_OBJC_LITERAL_CONVERSION = YES;
				CLANG_WARN_OBJC_ROOT_CLASS = YES_ERROR;
				CLANG_WARN_QUOTED_INCLUDE_IN_FRAMEWORK_HEADER = YES;
				CLANG_WARN_RANGE_LOOP_ANALYSIS = YES;
				CLANG_WARN_STRICT_PROTOTYPES = YES;
				CLANG_WARN_SUSPICIOUS_MOVE = YES;
				CLANG_WARN_UNGUARDED_AVAILABILITY = YES_AGGRESSIVE;
				CLANG_WARN_UNREACHABLE_CODE = YES;
				CLANG_WARN__DUPLICATE_METHOD_MATCH = YES;
				COPY_PHASE_STRIP = NO;
				DEBUG_INFORMATION_FORMAT = "dwarf-with-dsym";
				DEVELOPMENT_TEAM = 227FGD37B4;
				ENABLE_NS_ASSERTIONS = NO;
				ENABLE_STRICT_OBJC_MSGSEND = YES;
				ENABLE_USER_SCRIPT_SANDBOXING = YES;
				GCC_C_LANGUAGE_STANDARD = gnu17;
				GCC_NO_COMMON_BLOCKS = YES;
				GCC_WARN_64_TO_32_BIT_CONVERSION = YES;
				GCC_WARN_ABOUT_RETURN_TYPE = YES_ERROR;
				GCC_WARN_UNDECLARED_SELECTOR = YES;
				GCC_WARN_UNINITIALIZED_AUTOS = YES_AGGRESSIVE;
				GCC_WARN_UNUSED_FUNCTION = YES;
				GCC_WARN_UNUSED_VARIABLE = YES;
				LOCALIZATION_PREFERS_STRING_CATALOGS = YES;
				MTL_ENABLE_DEBUG_INFO = NO;
				MTL_FAST_MATH = YES;
				SWIFT_COMPILATION_MODE = wholemodule;
			};
			name = Release;
		};
		AB2426DB2E4A8B98004A7AC0 /* Debug */ = {
			isa = XCBuildConfiguration;
			buildSettings = {
				ASSETCATALOG_COMPILER_APPICON_NAME = AppIcon;
				ASSETCATALOG_COMPILER_GLOBAL_ACCENT_COLOR_NAME = AccentColor;
				CODE_SIGN_ENTITLEMENTS = ParallelPowder.entitlements;
				CODE_SIGN_STYLE = Automatic;
				CURRENT_PROJECT_VERSION = 1;
				DEVELOPMENT_TEAM = 227FGD37B4;
				ENABLE_HARDENED_RUNTIME = YES;
				ENABLE_PREVIEWS = YES;
				GENERATE_INFOPLIST_FILE = YES;
				"INFOPLIST_KEY_UIApplicationSceneManifest_Generation[sdk=iphoneos*]" = YES;
				"INFOPLIST_KEY_UIApplicationSceneManifest_Generation[sdk=iphonesimulator*]" = YES;
				"INFOPLIST_KEY_UIApplicationSupportsIndirectInputEvents[sdk=iphoneos*]" = YES;
				"INFOPLIST_KEY_UIApplicationSupportsIndirectInputEvents[sdk=iphonesimulator*]" = YES;
				"INFOPLIST_KEY_UILaunchScreen_Generation[sdk=iphoneos*]" = YES;
				"INFOPLIST_KEY_UILaunchScreen_Generation[sdk=iphonesimulator*]" = YES;
				"INFOPLIST_KEY_UIStatusBarStyle[sdk=iphoneos*]" = UIStatusBarStyleDefault;
				"INFOPLIST_KEY_UIStatusBarStyle[sdk=iphonesimulator*]" = UIStatusBarStyleDefault;
				INFOPLIST_KEY_UISupportedInterfaceOrientations_iPad = "UIInterfaceOrientationPortrait UIInterfaceOrientationPortraitUpsideDown UIInterfaceOrientationLandscapeLeft UIInterfaceOrientationLandscapeRight";
				INFOPLIST_KEY_UISupportedInterfaceOrientations_iPhone = "UIInterfaceOrientationPortrait UIInterfaceOrientationLandscapeLeft UIInterfaceOrientationLandscapeRight";
				IPHONEOS_DEPLOYMENT_TARGET = 18.5;
				LD_RUNPATH_SEARCH_PATHS = "@executable_path/Frameworks";
				"LD_RUNPATH_SEARCH_PATHS[sdk=macosx*]" = "@executable_path/../Frameworks";
				MACOSX_DEPLOYMENT_TARGET = 15.5;
				MARKETING_VERSION = 1.0;
				PRODUCT_BUNDLE_IDENTIFIER = dev.simonomi.ParallelPowder;
				PRODUCT_NAME = "$(TARGET_NAME)";
				REGISTER_APP_GROUPS = YES;
				SDKROOT = auto;
				SUPPORTED_PLATFORMS = "iphoneos iphonesimulator macosx xros xrsimulator";
				SWIFT_EMIT_LOC_STRINGS = YES;
				SWIFT_OBJC_BRIDGING_HEADER = SharedTypes.hpp;
				SWIFT_OBJC_INTEROP_MODE = objcxx;
				SWIFT_VERSION = 5.0;
				TARGETED_DEVICE_FAMILY = "1,2,7";
				XROS_DEPLOYMENT_TARGET = 2.5;
			};
			name = Debug;
		};
		AB2426DC2E4A8B98004A7AC0 /* Release */ = {
			isa = XCBuildConfiguration;
			buildSettings = {
				ASSETCATALOG_COMPILER_APPICON_NAME = AppIcon;
				ASSETCATALOG_COMPILER_GLOBAL_ACCENT_COLOR_NAME = AccentColor;
				CODE_SIGN_ENTITLEMENTS = ParallelPowder.entitlements;
				CODE_SIGN_STYLE = Automatic;
				CURRENT_PROJECT_VERSION = 1;
				DEVELOPMENT_TEAM = 227FGD37B4;
				ENABLE_HARDENED_RUNTIME = YES;
				ENABLE_PREVIEWS = YES;
				GENERATE_INFOPLIST_FILE = YES;
				"INFOPLIST_KEY_UIApplicationSceneManifest_Generation[sdk=iphoneos*]" = YES;
				"INFOPLIST_KEY_UIApplicationSceneManifest_Generation[sdk=iphonesimulator*]" = YES;
				"INFOPLIST_KEY_UIApplicationSupportsIndirectInputEvents[sdk=iphoneos*]" = YES;
				"INFOPLIST_KEY_UIApplicationSupportsIndirectInputEvents[sdk=iphonesimulator*]" = YES;
				"INFOPLIST_KEY_UILaunchScreen_Generation[sdk=iphoneos*]" = YES;
				"INFOPLIST_KEY_UILaunchScreen_Generation[sdk=iphonesimulator*]" = YES;
				"INFOPLIST_KEY_UIStatusBarStyle[sdk=iphoneos*]" = UIStatusBarStyleDefault;
				"INFOPLIST_KEY_UIStatusBarStyle[sdk=iphonesimulator*]" = UIStatusBarStyleDefault;
				INFOPLIST_KEY_UISupportedInterfaceOrientations_iPad = "UIInterfaceOrientationPortrait UIInterfaceOrientationPortraitUpsideDown UIInterfaceOrientationLandscapeLeft UIInterfaceOrientationLandscapeRight";
				INFOPLIST_KEY_UISupportedInterfaceOrientations_iPhone = "UIInterfaceOrientationPortrait UIInterfaceOrientationLandscapeLeft UIInterfaceOrientationLandscapeRight";
				IPHONEOS_DEPLOYMENT_TARGET = 18.5;
				LD_RUNPATH_SEARCH_PATHS = "@executable_path/Frameworks";
				"LD_RUNPATH_SEARCH_PATHS[sdk=macosx*]" = "@executable_path/../Frameworks";
				MACOSX_DEPLOYMENT_TARGET = 15.5;
				MARKETING_VERSION = 1.0;
				PRODUCT_BUNDLE_IDENTIFIER = dev.simonomi.ParallelPowder;
				PRODUCT_NAME = "$(TARGET_NAME)";
				REGISTER_APP_GROUPS = YES;
				SDKROOT = auto;
				SUPPORTED_PLATFORMS = "iphoneos iphonesimulator macosx xros xrsimulator";
				SWIFT_EMIT_LOC_STRINGS = YES;
				SWIFT_OBJC_BRIDGING_HEADER = SharedTypes.hpp;
				SWIFT_OBJC_INTEROP_MODE = objcxx;
				SWIFT_VERSION = 5.0;
				TARGETED_DEVICE_FAMILY = "1,2,7";
				XROS_DEPLOYMENT_TARGET = 2.5;
			};
			name = Release;
		};
/* End XCBuildConfiguration section */

/* Begin XCConfigurationList section */
		AB2426C92E4A8B95004A7AC0 /* Build configuration list for PBXProject "ParallelPowder" */ = {
			isa = XCConfigurationList;
			buildConfigurations = (
				AB2426D82E4A8B98004A7AC0 /* Debug */,
				AB2426D92E4A8B98004A7AC0 /* Release */,
			);
			defaultConfigurationIsVisible = 0;
			defaultConfigurationName = Release;
		};
		AB2426DA2E4A8B98004A7AC0 /* Build configuration list for PBXNativeTarget "ParallelPowder" */ = {
			isa = XCConfigurationList;
			buildConfigurations = (
				AB2426DB2E4A8B98004A7AC0 /* Debug */,
				AB2426DC2E4A8B98004A7AC0 /* Release */,
			);
			defaultConfigurationIsVisible = 0;
			defaultConfigurationName = Release;
		};
/* End XCConfigurationList section */
	};
	rootObject = AB2426C62E4A8B95004A7AC0 /* Project object */;
}
